// !$*UTF8*$!
{
	archiveVersion = 1;
	classes = {
	};
	objectVersion = 55;
	objects = {

/* Begin PBXBuildFile section */
		3E4B235028E01827002D52DA /* SettingViewController.swift in Sources */ = {isa = PBXBuildFile; fileRef = 3E4B234F28E01827002D52DA /* SettingViewController.swift */; };
		3E4B235228E0185F002D52DA /* TutorialViewController.swift in Sources */ = {isa = PBXBuildFile; fileRef = 3E4B235128E0185F002D52DA /* TutorialViewController.swift */; };
		3E6289AA28CC6124003E20F6 /* AppDelegate.swift in Sources */ = {isa = PBXBuildFile; fileRef = 3E6289A928CC6124003E20F6 /* AppDelegate.swift */; };
		3E6289AC28CC6124003E20F6 /* SceneDelegate.swift in Sources */ = {isa = PBXBuildFile; fileRef = 3E6289AB28CC6124003E20F6 /* SceneDelegate.swift */; };
		3E6289AE28CC6124003E20F6 /* InputViewController.swift in Sources */ = {isa = PBXBuildFile; fileRef = 3E6289AD28CC6124003E20F6 /* InputViewController.swift */; };
		3E6289B128CC6124003E20F6 /* Main.storyboard in Resources */ = {isa = PBXBuildFile; fileRef = 3E6289AF28CC6124003E20F6 /* Main.storyboard */; };
		3E6289B328CC6127003E20F6 /* Assets.xcassets in Resources */ = {isa = PBXBuildFile; fileRef = 3E6289B228CC6127003E20F6 /* Assets.xcassets */; };
		3E6289B628CC6127003E20F6 /* LaunchScreen.storyboard in Resources */ = {isa = PBXBuildFile; fileRef = 3E6289B428CC6127003E20F6 /* LaunchScreen.storyboard */; };
		3E6289C128CC6127003E20F6 /* BoxProcessingTests.swift in Sources */ = {isa = PBXBuildFile; fileRef = 3E6289C028CC6127003E20F6 /* BoxProcessingTests.swift */; };
		3E6289CB28CC6127003E20F6 /* BoxProcessingUITests.swift in Sources */ = {isa = PBXBuildFile; fileRef = 3E6289CA28CC6127003E20F6 /* BoxProcessingUITests.swift */; };
		3E6289CD28CC6127003E20F6 /* BoxProcessingUITestsLaunchTests.swift in Sources */ = {isa = PBXBuildFile; fileRef = 3E6289CC28CC6127003E20F6 /* BoxProcessingUITestsLaunchTests.swift */; };
		3E8C7F6028CD84B8006A3000 /* DynamicTableViewCell.swift in Sources */ = {isa = PBXBuildFile; fileRef = 3E8C7F5E28CD84B8006A3000 /* DynamicTableViewCell.swift */; };
		3E8C7F6128CD84B8006A3000 /* DynamicTableViewCell.xib in Resources */ = {isa = PBXBuildFile; fileRef = 3E8C7F5F28CD84B8006A3000 /* DynamicTableViewCell.xib */; };
		3E95919728CC75B000AE98AB /* StaticTableViewCell.swift in Sources */ = {isa = PBXBuildFile; fileRef = 3E95919528CC75B000AE98AB /* StaticTableViewCell.swift */; };
		3E95919828CC75B000AE98AB /* StaticTableViewCell.xib in Resources */ = {isa = PBXBuildFile; fileRef = 3E95919628CC75B000AE98AB /* StaticTableViewCell.xib */; };
		3E95919A28CC78CF00AE98AB /* ParentViewController.swift in Sources */ = {isa = PBXBuildFile; fileRef = 3E95919928CC78CF00AE98AB /* ParentViewController.swift */; };
		3E95919C28CC7AA900AE98AB /* Utility.swift in Sources */ = {isa = PBXBuildFile; fileRef = 3E95919B28CC7AA900AE98AB /* Utility.swift */; };
		3E95919E28CC7B3B00AE98AB /* ResultViewController.swift in Sources */ = {isa = PBXBuildFile; fileRef = 3E95919D28CC7B3B00AE98AB /* ResultViewController.swift */; };
		3E9591A028CC80F900AE98AB /*  Hole.swift in Sources */ = {isa = PBXBuildFile; fileRef = 3E95919F28CC80F900AE98AB /*  Hole.swift */; };
		3E9A25C82934072900FEED55 /* PipeSettingViewController.swift in Sources */ = {isa = PBXBuildFile; fileRef = 3E9A25C72934072900FEED55 /* PipeSettingViewController.swift */; };
		3E9A25CA2934075700FEED55 /* PipeSettingView.storyboard in Resources */ = {isa = PBXBuildFile; fileRef = 3E9A25C92934075700FEED55 /* PipeSettingView.storyboard */; };
		3E9A25CC2934C12800FEED55 /* RailLengthHeaderView.swift in Sources */ = {isa = PBXBuildFile; fileRef = 3E9A25CB2934C12800FEED55 /* RailLengthHeaderView.swift */; };
		3E9A25CE2934C16B00FEED55 /* RailLengthHeaderView.xib in Resources */ = {isa = PBXBuildFile; fileRef = 3E9A25CD2934C16B00FEED55 /* RailLengthHeaderView.xib */; };
		3E9A25D029363A9400FEED55 /* SettingTableViewCell.swift in Sources */ = {isa = PBXBuildFile; fileRef = 3E9A25CF29363A9300FEED55 /* SettingTableViewCell.swift */; };
		3EAB1E5128CEED7A00E9BEBF /* FiledValue.swift in Sources */ = {isa = PBXBuildFile; fileRef = 3EAB1E5028CEED7A00E9BEBF /* FiledValue.swift */; };
		3EB5742B292CF4B300A589EF /* ResultTableViewCell.xib in Resources */ = {isa = PBXBuildFile; fileRef = 3EB5742A292CF4B300A589EF /* ResultTableViewCell.xib */; };
		3EB5742D292D07A300A589EF /* ResultTableViewCell.swift in Sources */ = {isa = PBXBuildFile; fileRef = 3EB5742C292D07A300A589EF /* ResultTableViewCell.swift */; };
		3EB5742F292D0C2F00A589EF /* ResultTableViewHeader.xib in Resources */ = {isa = PBXBuildFile; fileRef = 3EB5742E292D0C2F00A589EF /* ResultTableViewHeader.xib */; };
		3EB57431292D0EC900A589EF /* ResultTableViewHeader.swift in Sources */ = {isa = PBXBuildFile; fileRef = 3EB57430292D0EC900A589EF /* ResultTableViewHeader.swift */; };
		79A9D6ABA737B2B0DC5B5F4D /* Pods_BoxProcessing.framework in Frameworks */ = {isa = PBXBuildFile; fileRef = DC5B49BEA9D46BCDA46269A3 /* Pods_BoxProcessing.framework */; };
		8EAD2D45C9A745F353A635A0 /* Pods_BoxProcessingTests.framework in Frameworks */ = {isa = PBXBuildFile; fileRef = 5E0B5FF7D975532CD27B741E /* Pods_BoxProcessingTests.framework */; };
		A9A838F0307E788F2CFBC652 /* Pods_BoxProcessing_BoxProcessingUITests.framework in Frameworks */ = {isa = PBXBuildFile; fileRef = D760DE3ABB7ACBB95828F053 /* Pods_BoxProcessing_BoxProcessingUITests.framework */; };
/* End PBXBuildFile section */

/* Begin PBXContainerItemProxy section */
		3E6289BD28CC6127003E20F6 /* PBXContainerItemProxy */ = {
			isa = PBXContainerItemProxy;
			containerPortal = 3E62899E28CC6124003E20F6 /* Project object */;
			proxyType = 1;
			remoteGlobalIDString = 3E6289A528CC6124003E20F6;
			remoteInfo = BoxProcessing;
		};
		3E6289C728CC6127003E20F6 /* PBXContainerItemProxy */ = {
			isa = PBXContainerItemProxy;
			containerPortal = 3E62899E28CC6124003E20F6 /* Project object */;
			proxyType = 1;
			remoteGlobalIDString = 3E6289A528CC6124003E20F6;
			remoteInfo = BoxProcessing;
		};
/* End PBXContainerItemProxy section */

/* Begin PBXFileReference section */
		10891BBE778FFAAF190326A0 /* Pods-BoxProcessing-BoxProcessingUITests.release.xcconfig */ = {isa = PBXFileReference; includeInIndex = 1; lastKnownFileType = text.xcconfig; name = "Pods-BoxProcessing-BoxProcessingUITests.release.xcconfig"; path = "Target Support Files/Pods-BoxProcessing-BoxProcessingUITests/Pods-BoxProcessing-BoxProcessingUITests.release.xcconfig"; sourceTree = "<group>"; };
		3B27584CF4396D0583CF009A /* Pods-BoxProcessingTests.release.xcconfig */ = {isa = PBXFileReference; includeInIndex = 1; lastKnownFileType = text.xcconfig; name = "Pods-BoxProcessingTests.release.xcconfig"; path = "Target Support Files/Pods-BoxProcessingTests/Pods-BoxProcessingTests.release.xcconfig"; sourceTree = "<group>"; };
		3D43FB00ACF5D4B98DF129DC /* Pods-BoxProcessingTests.debug.xcconfig */ = {isa = PBXFileReference; includeInIndex = 1; lastKnownFileType = text.xcconfig; name = "Pods-BoxProcessingTests.debug.xcconfig"; path = "Target Support Files/Pods-BoxProcessingTests/Pods-BoxProcessingTests.debug.xcconfig"; sourceTree = "<group>"; };
		3E4B234F28E01827002D52DA /* SettingViewController.swift */ = {isa = PBXFileReference; lastKnownFileType = sourcecode.swift; path = SettingViewController.swift; sourceTree = "<group>"; };
		3E4B235128E0185F002D52DA /* TutorialViewController.swift */ = {isa = PBXFileReference; lastKnownFileType = sourcecode.swift; path = TutorialViewController.swift; sourceTree = "<group>"; };
		3E6289A628CC6124003E20F6 /* BoxProcessing.app */ = {isa = PBXFileReference; explicitFileType = wrapper.application; includeInIndex = 0; path = BoxProcessing.app; sourceTree = BUILT_PRODUCTS_DIR; };
		3E6289A928CC6124003E20F6 /* AppDelegate.swift */ = {isa = PBXFileReference; lastKnownFileType = sourcecode.swift; path = AppDelegate.swift; sourceTree = "<group>"; };
		3E6289AB28CC6124003E20F6 /* SceneDelegate.swift */ = {isa = PBXFileReference; lastKnownFileType = sourcecode.swift; path = SceneDelegate.swift; sourceTree = "<group>"; };
		3E6289AD28CC6124003E20F6 /* InputViewController.swift */ = {isa = PBXFileReference; lastKnownFileType = sourcecode.swift; path = InputViewController.swift; sourceTree = "<group>"; };
		3E6289B028CC6124003E20F6 /* Base */ = {isa = PBXFileReference; lastKnownFileType = file.storyboard; name = Base; path = Base.lproj/Main.storyboard; sourceTree = "<group>"; };
		3E6289B228CC6127003E20F6 /* Assets.xcassets */ = {isa = PBXFileReference; lastKnownFileType = folder.assetcatalog; path = Assets.xcassets; sourceTree = "<group>"; };
		3E6289B528CC6127003E20F6 /* Base */ = {isa = PBXFileReference; lastKnownFileType = file.storyboard; name = Base; path = Base.lproj/LaunchScreen.storyboard; sourceTree = "<group>"; };
		3E6289B728CC6127003E20F6 /* Info.plist */ = {isa = PBXFileReference; lastKnownFileType = text.plist.xml; path = Info.plist; sourceTree = "<group>"; };
		3E6289BC28CC6127003E20F6 /* BoxProcessingTests.xctest */ = {isa = PBXFileReference; explicitFileType = wrapper.cfbundle; includeInIndex = 0; path = BoxProcessingTests.xctest; sourceTree = BUILT_PRODUCTS_DIR; };
		3E6289C028CC6127003E20F6 /* BoxProcessingTests.swift */ = {isa = PBXFileReference; lastKnownFileType = sourcecode.swift; path = BoxProcessingTests.swift; sourceTree = "<group>"; };
		3E6289C628CC6127003E20F6 /* BoxProcessingUITests.xctest */ = {isa = PBXFileReference; explicitFileType = wrapper.cfbundle; includeInIndex = 0; path = BoxProcessingUITests.xctest; sourceTree = BUILT_PRODUCTS_DIR; };
		3E6289CA28CC6127003E20F6 /* BoxProcessingUITests.swift */ = {isa = PBXFileReference; lastKnownFileType = sourcecode.swift; path = BoxProcessingUITests.swift; sourceTree = "<group>"; };
		3E6289CC28CC6127003E20F6 /* BoxProcessingUITestsLaunchTests.swift */ = {isa = PBXFileReference; lastKnownFileType = sourcecode.swift; path = BoxProcessingUITestsLaunchTests.swift; sourceTree = "<group>"; };
		3E8C7F5E28CD84B8006A3000 /* DynamicTableViewCell.swift */ = {isa = PBXFileReference; lastKnownFileType = sourcecode.swift; path = DynamicTableViewCell.swift; sourceTree = "<group>"; };
		3E8C7F5F28CD84B8006A3000 /* DynamicTableViewCell.xib */ = {isa = PBXFileReference; lastKnownFileType = file.xib; path = DynamicTableViewCell.xib; sourceTree = "<group>"; };
		3E95919528CC75B000AE98AB /* StaticTableViewCell.swift */ = {isa = PBXFileReference; lastKnownFileType = sourcecode.swift; path = StaticTableViewCell.swift; sourceTree = "<group>"; };
		3E95919628CC75B000AE98AB /* StaticTableViewCell.xib */ = {isa = PBXFileReference; lastKnownFileType = file.xib; path = StaticTableViewCell.xib; sourceTree = "<group>"; };
		3E95919928CC78CF00AE98AB /* ParentViewController.swift */ = {isa = PBXFileReference; lastKnownFileType = sourcecode.swift; path = ParentViewController.swift; sourceTree = "<group>"; };
		3E95919B28CC7AA900AE98AB /* Utility.swift */ = {isa = PBXFileReference; lastKnownFileType = sourcecode.swift; path = Utility.swift; sourceTree = "<group>"; };
		3E95919D28CC7B3B00AE98AB /* ResultViewController.swift */ = {isa = PBXFileReference; lastKnownFileType = sourcecode.swift; path = ResultViewController.swift; sourceTree = "<group>"; };
		3E95919F28CC80F900AE98AB /*  Hole.swift */ = {isa = PBXFileReference; lastKnownFileType = sourcecode.swift; path = " Hole.swift"; sourceTree = "<group>"; };
		3E9A25C72934072900FEED55 /* PipeSettingViewController.swift */ = {isa = PBXFileReference; lastKnownFileType = sourcecode.swift; path = PipeSettingViewController.swift; sourceTree = "<group>"; };
		3E9A25C92934075700FEED55 /* PipeSettingView.storyboard */ = {isa = PBXFileReference; lastKnownFileType = file.storyboard; path = PipeSettingView.storyboard; sourceTree = "<group>"; };
		3E9A25CB2934C12800FEED55 /* RailLengthHeaderView.swift */ = {isa = PBXFileReference; lastKnownFileType = sourcecode.swift; path = RailLengthHeaderView.swift; sourceTree = "<group>"; };
		3E9A25CD2934C16B00FEED55 /* RailLengthHeaderView.xib */ = {isa = PBXFileReference; lastKnownFileType = file.xib; path = RailLengthHeaderView.xib; sourceTree = "<group>"; };
		3E9A25CF29363A9300FEED55 /* SettingTableViewCell.swift */ = {isa = PBXFileReference; lastKnownFileType = sourcecode.swift; path = SettingTableViewCell.swift; sourceTree = "<group>"; };
		3EAB1E5028CEED7A00E9BEBF /* FiledValue.swift */ = {isa = PBXFileReference; lastKnownFileType = sourcecode.swift; path = FiledValue.swift; sourceTree = "<group>"; };
		3EB5742A292CF4B300A589EF /* ResultTableViewCell.xib */ = {isa = PBXFileReference; lastKnownFileType = file.xib; path = ResultTableViewCell.xib; sourceTree = "<group>"; };
		3EB5742C292D07A300A589EF /* ResultTableViewCell.swift */ = {isa = PBXFileReference; lastKnownFileType = sourcecode.swift; path = ResultTableViewCell.swift; sourceTree = "<group>"; };
		3EB5742E292D0C2F00A589EF /* ResultTableViewHeader.xib */ = {isa = PBXFileReference; lastKnownFileType = file.xib; path = ResultTableViewHeader.xib; sourceTree = "<group>"; };
		3EB57430292D0EC900A589EF /* ResultTableViewHeader.swift */ = {isa = PBXFileReference; lastKnownFileType = sourcecode.swift; path = ResultTableViewHeader.swift; sourceTree = "<group>"; };
		584CD61B0379D41F185018D9 /* Pods-BoxProcessing.debug.xcconfig */ = {isa = PBXFileReference; includeInIndex = 1; lastKnownFileType = text.xcconfig; name = "Pods-BoxProcessing.debug.xcconfig"; path = "Target Support Files/Pods-BoxProcessing/Pods-BoxProcessing.debug.xcconfig"; sourceTree = "<group>"; };
		5E0B5FF7D975532CD27B741E /* Pods_BoxProcessingTests.framework */ = {isa = PBXFileReference; explicitFileType = wrapper.framework; includeInIndex = 0; path = Pods_BoxProcessingTests.framework; sourceTree = BUILT_PRODUCTS_DIR; };
		A1BAC4CC83A92D7020DB7FAA /* Pods-BoxProcessing.release.xcconfig */ = {isa = PBXFileReference; includeInIndex = 1; lastKnownFileType = text.xcconfig; name = "Pods-BoxProcessing.release.xcconfig"; path = "Target Support Files/Pods-BoxProcessing/Pods-BoxProcessing.release.xcconfig"; sourceTree = "<group>"; };
		D760DE3ABB7ACBB95828F053 /* Pods_BoxProcessing_BoxProcessingUITests.framework */ = {isa = PBXFileReference; explicitFileType = wrapper.framework; includeInIndex = 0; path = Pods_BoxProcessing_BoxProcessingUITests.framework; sourceTree = BUILT_PRODUCTS_DIR; };
		DC5B49BEA9D46BCDA46269A3 /* Pods_BoxProcessing.framework */ = {isa = PBXFileReference; explicitFileType = wrapper.framework; includeInIndex = 0; path = Pods_BoxProcessing.framework; sourceTree = BUILT_PRODUCTS_DIR; };
		F5658191BD829B3FC99DDD8E /* Pods-BoxProcessing-BoxProcessingUITests.debug.xcconfig */ = {isa = PBXFileReference; includeInIndex = 1; lastKnownFileType = text.xcconfig; name = "Pods-BoxProcessing-BoxProcessingUITests.debug.xcconfig"; path = "Target Support Files/Pods-BoxProcessing-BoxProcessingUITests/Pods-BoxProcessing-BoxProcessingUITests.debug.xcconfig"; sourceTree = "<group>"; };
/* End PBXFileReference section */

/* Begin PBXFrameworksBuildPhase section */
		3E6289A328CC6124003E20F6 /* Frameworks */ = {
			isa = PBXFrameworksBuildPhase;
			buildActionMask = 2147483647;
			files = (
				79A9D6ABA737B2B0DC5B5F4D /* Pods_BoxProcessing.framework in Frameworks */,
			);
			runOnlyForDeploymentPostprocessing = 0;
		};
		3E6289B928CC6127003E20F6 /* Frameworks */ = {
			isa = PBXFrameworksBuildPhase;
			buildActionMask = 2147483647;
			files = (
				8EAD2D45C9A745F353A635A0 /* Pods_BoxProcessingTests.framework in Frameworks */,
			);
			runOnlyForDeploymentPostprocessing = 0;
		};
		3E6289C328CC6127003E20F6 /* Frameworks */ = {
			isa = PBXFrameworksBuildPhase;
			buildActionMask = 2147483647;
			files = (
				A9A838F0307E788F2CFBC652 /* Pods_BoxProcessing_BoxProcessingUITests.framework in Frameworks */,
			);
			runOnlyForDeploymentPostprocessing = 0;
		};
/* End PBXFrameworksBuildPhase section */

/* Begin PBXGroup section */
		3E62899D28CC6124003E20F6 = {
			isa = PBXGroup;
			children = (
				3E6289A828CC6124003E20F6 /* BoxProcessing */,
				3E6289BF28CC6127003E20F6 /* BoxProcessingTests */,
				3E6289C928CC6127003E20F6 /* BoxProcessingUITests */,
				3E6289A728CC6124003E20F6 /* Products */,
				F9F5CF1F67D7746936041D2B /* Pods */,
				A5AC03E530E62D24B711974F /* Frameworks */,
			);
			sourceTree = "<group>";
		};
		3E6289A728CC6124003E20F6 /* Products */ = {
			isa = PBXGroup;
			children = (
				3E6289A628CC6124003E20F6 /* BoxProcessing.app */,
				3E6289BC28CC6127003E20F6 /* BoxProcessingTests.xctest */,
				3E6289C628CC6127003E20F6 /* BoxProcessingUITests.xctest */,
			);
			name = Products;
			sourceTree = "<group>";
		};
		3E6289A828CC6124003E20F6 /* BoxProcessing */ = {
			isa = PBXGroup;
			children = (
				3E9A25C62933FA4600FEED55 /* Cells */,
				3E6289A928CC6124003E20F6 /* AppDelegate.swift */,
				3E95919928CC78CF00AE98AB /* ParentViewController.swift */,
				3E6289AB28CC6124003E20F6 /* SceneDelegate.swift */,
				3E6289AD28CC6124003E20F6 /* InputViewController.swift */,
				3E6289AF28CC6124003E20F6 /* Main.storyboard */,
				3E6289B228CC6127003E20F6 /* Assets.xcassets */,
				3E6289B428CC6127003E20F6 /* LaunchScreen.storyboard */,
				3E6289B728CC6127003E20F6 /* Info.plist */,
				3E95919B28CC7AA900AE98AB /* Utility.swift */,
				3E95919D28CC7B3B00AE98AB /* ResultViewController.swift */,
				3E95919F28CC80F900AE98AB /*  Hole.swift */,
				3EAB1E5028CEED7A00E9BEBF /* FiledValue.swift */,
				3E4B234F28E01827002D52DA /* SettingViewController.swift */,
				3E4B235128E0185F002D52DA /* TutorialViewController.swift */,
				3EB5742E292D0C2F00A589EF /* ResultTableViewHeader.xib */,
				3EB57430292D0EC900A589EF /* ResultTableViewHeader.swift */,
				3E9A25C72934072900FEED55 /* PipeSettingViewController.swift */,
				3E9A25C92934075700FEED55 /* PipeSettingView.storyboard */,
				3E9A25CB2934C12800FEED55 /* RailLengthHeaderView.swift */,
				3E9A25CD2934C16B00FEED55 /* RailLengthHeaderView.xib */,
			);
			path = BoxProcessing;
			sourceTree = "<group>";
		};
		3E6289BF28CC6127003E20F6 /* BoxProcessingTests */ = {
			isa = PBXGroup;
			children = (
				3E6289C028CC6127003E20F6 /* BoxProcessingTests.swift */,
			);
			path = BoxProcessingTests;
			sourceTree = "<group>";
		};
		3E6289C928CC6127003E20F6 /* BoxProcessingUITests */ = {
			isa = PBXGroup;
			children = (
				3E6289CA28CC6127003E20F6 /* BoxProcessingUITests.swift */,
				3E6289CC28CC6127003E20F6 /* BoxProcessingUITestsLaunchTests.swift */,
			);
			path = BoxProcessingUITests;
			sourceTree = "<group>";
		};
		3E9A25C62933FA4600FEED55 /* Cells */ = {
			isa = PBXGroup;
			children = (
				3E8C7F5E28CD84B8006A3000 /* DynamicTableViewCell.swift */,
				3E8C7F5F28CD84B8006A3000 /* DynamicTableViewCell.xib */,
				3E95919628CC75B000AE98AB /* StaticTableViewCell.xib */,
				3EB5742A292CF4B300A589EF /* ResultTableViewCell.xib */,
				3EB5742C292D07A300A589EF /* ResultTableViewCell.swift */,
				3E95919528CC75B000AE98AB /* StaticTableViewCell.swift */,
				3E9A25CF29363A9300FEED55 /* SettingTableViewCell.swift */,
			);
			path = Cells;
			sourceTree = "<group>";
		};
		A5AC03E530E62D24B711974F /* Frameworks */ = {
			isa = PBXGroup;
			children = (
				DC5B49BEA9D46BCDA46269A3 /* Pods_BoxProcessing.framework */,
				D760DE3ABB7ACBB95828F053 /* Pods_BoxProcessing_BoxProcessingUITests.framework */,
				5E0B5FF7D975532CD27B741E /* Pods_BoxProcessingTests.framework */,
			);
			name = Frameworks;
			sourceTree = "<group>";
		};
		F9F5CF1F67D7746936041D2B /* Pods */ = {
			isa = PBXGroup;
			children = (
				584CD61B0379D41F185018D9 /* Pods-BoxProcessing.debug.xcconfig */,
				A1BAC4CC83A92D7020DB7FAA /* Pods-BoxProcessing.release.xcconfig */,
				F5658191BD829B3FC99DDD8E /* Pods-BoxProcessing-BoxProcessingUITests.debug.xcconfig */,
				10891BBE778FFAAF190326A0 /* Pods-BoxProcessing-BoxProcessingUITests.release.xcconfig */,
				3D43FB00ACF5D4B98DF129DC /* Pods-BoxProcessingTests.debug.xcconfig */,
				3B27584CF4396D0583CF009A /* Pods-BoxProcessingTests.release.xcconfig */,
			);
			path = Pods;
			sourceTree = "<group>";
		};
/* End PBXGroup section */

/* Begin PBXNativeTarget section */
		3E6289A528CC6124003E20F6 /* BoxProcessing */ = {
			isa = PBXNativeTarget;
			buildConfigurationList = 3E6289D028CC6127003E20F6 /* Build configuration list for PBXNativeTarget "BoxProcessing" */;
			buildPhases = (
				12D9D2C67CFFD1008EBE604F /* [CP] Check Pods Manifest.lock */,
				3E6289A228CC6124003E20F6 /* Sources */,
				3E6289A328CC6124003E20F6 /* Frameworks */,
				3E6289A428CC6124003E20F6 /* Resources */,
				4F1A286922F056852752C4D6 /* [CP] Embed Pods Frameworks */,
			);
			buildRules = (
			);
			dependencies = (
			);
			name = BoxProcessing;
			productName = BoxProcessing;
			productReference = 3E6289A628CC6124003E20F6 /* BoxProcessing.app */;
			productType = "com.apple.product-type.application";
		};
		3E6289BB28CC6127003E20F6 /* BoxProcessingTests */ = {
			isa = PBXNativeTarget;
			buildConfigurationList = 3E6289D328CC6127003E20F6 /* Build configuration list for PBXNativeTarget "BoxProcessingTests" */;
			buildPhases = (
				F719CAE21016C95007F00E03 /* [CP] Check Pods Manifest.lock */,
				3E6289B828CC6127003E20F6 /* Sources */,
				3E6289B928CC6127003E20F6 /* Frameworks */,
				3E6289BA28CC6127003E20F6 /* Resources */,
			);
			buildRules = (
			);
			dependencies = (
				3E6289BE28CC6127003E20F6 /* PBXTargetDependency */,
			);
			name = BoxProcessingTests;
			productName = BoxProcessingTests;
			productReference = 3E6289BC28CC6127003E20F6 /* BoxProcessingTests.xctest */;
			productType = "com.apple.product-type.bundle.unit-test";
		};
		3E6289C528CC6127003E20F6 /* BoxProcessingUITests */ = {
			isa = PBXNativeTarget;
			buildConfigurationList = 3E6289D628CC6127003E20F6 /* Build configuration list for PBXNativeTarget "BoxProcessingUITests" */;
			buildPhases = (
				E27805130C5FE4B56F064F27 /* [CP] Check Pods Manifest.lock */,
				3E6289C228CC6127003E20F6 /* Sources */,
				3E6289C328CC6127003E20F6 /* Frameworks */,
				3E6289C428CC6127003E20F6 /* Resources */,
				6F952325CE23AA36EE198E1B /* [CP] Embed Pods Frameworks */,
			);
			buildRules = (
			);
			dependencies = (
				3E6289C828CC6127003E20F6 /* PBXTargetDependency */,
			);
			name = BoxProcessingUITests;
			productName = BoxProcessingUITests;
			productReference = 3E6289C628CC6127003E20F6 /* BoxProcessingUITests.xctest */;
			productType = "com.apple.product-type.bundle.ui-testing";
		};
/* End PBXNativeTarget section */

/* Begin PBXProject section */
		3E62899E28CC6124003E20F6 /* Project object */ = {
			isa = PBXProject;
			attributes = {
				BuildIndependentTargetsInParallel = 1;
				LastSwiftUpdateCheck = 1340;
				LastUpgradeCheck = 1340;
				TargetAttributes = {
					3E6289A528CC6124003E20F6 = {
						CreatedOnToolsVersion = 13.4.1;
					};
					3E6289BB28CC6127003E20F6 = {
						CreatedOnToolsVersion = 13.4.1;
						TestTargetID = 3E6289A528CC6124003E20F6;
					};
					3E6289C528CC6127003E20F6 = {
						CreatedOnToolsVersion = 13.4.1;
						TestTargetID = 3E6289A528CC6124003E20F6;
					};
				};
			};
			buildConfigurationList = 3E6289A128CC6124003E20F6 /* Build configuration list for PBXProject "BoxProcessing" */;
			compatibilityVersion = "Xcode 13.0";
			developmentRegion = en;
			hasScannedForEncodings = 0;
			knownRegions = (
				en,
				Base,
			);
			mainGroup = 3E62899D28CC6124003E20F6;
			productRefGroup = 3E6289A728CC6124003E20F6 /* Products */;
			projectDirPath = "";
			projectRoot = "";
			targets = (
				3E6289A528CC6124003E20F6 /* BoxProcessing */,
				3E6289BB28CC6127003E20F6 /* BoxProcessingTests */,
				3E6289C528CC6127003E20F6 /* BoxProcessingUITests */,
			);
		};
/* End PBXProject section */

/* Begin PBXResourcesBuildPhase section */
		3E6289A428CC6124003E20F6 /* Resources */ = {
			isa = PBXResourcesBuildPhase;
			buildActionMask = 2147483647;
			files = (
				3E9A25CA2934075700FEED55 /* PipeSettingView.storyboard in Resources */,
				3E6289B628CC6127003E20F6 /* LaunchScreen.storyboard in Resources */,
				3EB5742F292D0C2F00A589EF /* ResultTableViewHeader.xib in Resources */,
				3E6289B328CC6127003E20F6 /* Assets.xcassets in Resources */,
				3E9A25CE2934C16B00FEED55 /* RailLengthHeaderView.xib in Resources */,
				3EB5742B292CF4B300A589EF /* ResultTableViewCell.xib in Resources */,
				3E8C7F6128CD84B8006A3000 /* DynamicTableViewCell.xib in Resources */,
				3E6289B128CC6124003E20F6 /* Main.storyboard in Resources */,
				3E95919828CC75B000AE98AB /* StaticTableViewCell.xib in Resources */,
			);
			runOnlyForDeploymentPostprocessing = 0;
		};
		3E6289BA28CC6127003E20F6 /* Resources */ = {
			isa = PBXResourcesBuildPhase;
			buildActionMask = 2147483647;
			files = (
			);
			runOnlyForDeploymentPostprocessing = 0;
		};
		3E6289C428CC6127003E20F6 /* Resources */ = {
			isa = PBXResourcesBuildPhase;
			buildActionMask = 2147483647;
			files = (
			);
			runOnlyForDeploymentPostprocessing = 0;
		};
/* End PBXResourcesBuildPhase section */

/* Begin PBXShellScriptBuildPhase section */
		12D9D2C67CFFD1008EBE604F /* [CP] Check Pods Manifest.lock */ = {
			isa = PBXShellScriptBuildPhase;
			buildActionMask = 2147483647;
			files = (
			);
			inputFileListPaths = (
			);
			inputPaths = (
				"${PODS_PODFILE_DIR_PATH}/Podfile.lock",
				"${PODS_ROOT}/Manifest.lock",
			);
			name = "[CP] Check Pods Manifest.lock";
			outputFileListPaths = (
			);
			outputPaths = (
				"$(DERIVED_FILE_DIR)/Pods-BoxProcessing-checkManifestLockResult.txt",
			);
			runOnlyForDeploymentPostprocessing = 0;
			shellPath = /bin/sh;
			shellScript = "diff \"${PODS_PODFILE_DIR_PATH}/Podfile.lock\" \"${PODS_ROOT}/Manifest.lock\" > /dev/null\nif [ $? != 0 ] ; then\n    # print error to STDERR\n    echo \"error: The sandbox is not in sync with the Podfile.lock. Run 'pod install' or update your CocoaPods installation.\" >&2\n    exit 1\nfi\n# This output is used by Xcode 'outputs' to avoid re-running this script phase.\necho \"SUCCESS\" > \"${SCRIPT_OUTPUT_FILE_0}\"\n";
			showEnvVarsInLog = 0;
		};
		4F1A286922F056852752C4D6 /* [CP] Embed Pods Frameworks */ = {
			isa = PBXShellScriptBuildPhase;
			buildActionMask = 2147483647;
			files = (
			);
			inputFileListPaths = (
				"${PODS_ROOT}/Target Support Files/Pods-BoxProcessing/Pods-BoxProcessing-frameworks-${CONFIGURATION}-input-files.xcfilelist",
			);
			name = "[CP] Embed Pods Frameworks";
			outputFileListPaths = (
				"${PODS_ROOT}/Target Support Files/Pods-BoxProcessing/Pods-BoxProcessing-frameworks-${CONFIGURATION}-output-files.xcfilelist",
			);
			runOnlyForDeploymentPostprocessing = 0;
			shellPath = /bin/sh;
			shellScript = "\"${PODS_ROOT}/Target Support Files/Pods-BoxProcessing/Pods-BoxProcessing-frameworks.sh\"\n";
			showEnvVarsInLog = 0;
		};
		6F952325CE23AA36EE198E1B /* [CP] Embed Pods Frameworks */ = {
			isa = PBXShellScriptBuildPhase;
			buildActionMask = 2147483647;
			files = (
			);
			inputFileListPaths = (
				"${PODS_ROOT}/Target Support Files/Pods-BoxProcessing-BoxProcessingUITests/Pods-BoxProcessing-BoxProcessingUITests-frameworks-${CONFIGURATION}-input-files.xcfilelist",
			);
			name = "[CP] Embed Pods Frameworks";
			outputFileListPaths = (
				"${PODS_ROOT}/Target Support Files/Pods-BoxProcessing-BoxProcessingUITests/Pods-BoxProcessing-BoxProcessingUITests-frameworks-${CONFIGURATION}-output-files.xcfilelist",
			);
			runOnlyForDeploymentPostprocessing = 0;
			shellPath = /bin/sh;
			shellScript = "\"${PODS_ROOT}/Target Support Files/Pods-BoxProcessing-BoxProcessingUITests/Pods-BoxProcessing-BoxProcessingUITests-frameworks.sh\"\n";
			showEnvVarsInLog = 0;
		};
		E27805130C5FE4B56F064F27 /* [CP] Check Pods Manifest.lock */ = {
			isa = PBXShellScriptBuildPhase;
			buildActionMask = 2147483647;
			files = (
			);
			inputFileListPaths = (
			);
			inputPaths = (
				"${PODS_PODFILE_DIR_PATH}/Podfile.lock",
				"${PODS_ROOT}/Manifest.lock",
			);
			name = "[CP] Check Pods Manifest.lock";
			outputFileListPaths = (
			);
			outputPaths = (
				"$(DERIVED_FILE_DIR)/Pods-BoxProcessing-BoxProcessingUITests-checkManifestLockResult.txt",
			);
			runOnlyForDeploymentPostprocessing = 0;
			shellPath = /bin/sh;
			shellScript = "diff \"${PODS_PODFILE_DIR_PATH}/Podfile.lock\" \"${PODS_ROOT}/Manifest.lock\" > /dev/null\nif [ $? != 0 ] ; then\n    # print error to STDERR\n    echo \"error: The sandbox is not in sync with the Podfile.lock. Run 'pod install' or update your CocoaPods installation.\" >&2\n    exit 1\nfi\n# This output is used by Xcode 'outputs' to avoid re-running this script phase.\necho \"SUCCESS\" > \"${SCRIPT_OUTPUT_FILE_0}\"\n";
			showEnvVarsInLog = 0;
		};
		F719CAE21016C95007F00E03 /* [CP] Check Pods Manifest.lock */ = {
			isa = PBXShellScriptBuildPhase;
			buildActionMask = 2147483647;
			files = (
			);
			inputFileListPaths = (
			);
			inputPaths = (
				"${PODS_PODFILE_DIR_PATH}/Podfile.lock",
				"${PODS_ROOT}/Manifest.lock",
			);
			name = "[CP] Check Pods Manifest.lock";
			outputFileListPaths = (
			);
			outputPaths = (
				"$(DERIVED_FILE_DIR)/Pods-BoxProcessingTests-checkManifestLockResult.txt",
			);
			runOnlyForDeploymentPostprocessing = 0;
			shellPath = /bin/sh;
			shellScript = "diff \"${PODS_PODFILE_DIR_PATH}/Podfile.lock\" \"${PODS_ROOT}/Manifest.lock\" > /dev/null\nif [ $? != 0 ] ; then\n    # print error to STDERR\n    echo \"error: The sandbox is not in sync with the Podfile.lock. Run 'pod install' or update your CocoaPods installation.\" >&2\n    exit 1\nfi\n# This output is used by Xcode 'outputs' to avoid re-running this script phase.\necho \"SUCCESS\" > \"${SCRIPT_OUTPUT_FILE_0}\"\n";
			showEnvVarsInLog = 0;
		};
/* End PBXShellScriptBuildPhase section */

/* Begin PBXSourcesBuildPhase section */
		3E6289A228CC6124003E20F6 /* Sources */ = {
			isa = PBXSourcesBuildPhase;
			buildActionMask = 2147483647;
			files = (
				3E6289AE28CC6124003E20F6 /* InputViewController.swift in Sources */,
				3EB57431292D0EC900A589EF /* ResultTableViewHeader.swift in Sources */,
				3E4B235028E01827002D52DA /* SettingViewController.swift in Sources */,
				3E9A25CC2934C12800FEED55 /* RailLengthHeaderView.swift in Sources */,
				3E95919A28CC78CF00AE98AB /* ParentViewController.swift in Sources */,
				3E95919E28CC7B3B00AE98AB /* ResultViewController.swift in Sources */,
				3E8C7F6028CD84B8006A3000 /* DynamicTableViewCell.swift in Sources */,
				3EAB1E5128CEED7A00E9BEBF /* FiledValue.swift in Sources */,
				3E9A25C82934072900FEED55 /* PipeSettingViewController.swift in Sources */,
				3E95919C28CC7AA900AE98AB /* Utility.swift in Sources */,
				3E9A25D029363A9400FEED55 /* SettingTableViewCell.swift in Sources */,
				3E6289AA28CC6124003E20F6 /* AppDelegate.swift in Sources */,
				3E6289AC28CC6124003E20F6 /* SceneDelegate.swift in Sources */,
				3EB5742D292D07A300A589EF /* ResultTableViewCell.swift in Sources */,
				3E9591A028CC80F900AE98AB /*  Hole.swift in Sources */,
				3E4B235228E0185F002D52DA /* TutorialViewController.swift in Sources */,
				3E95919728CC75B000AE98AB /* StaticTableViewCell.swift in Sources */,
			);
			runOnlyForDeploymentPostprocessing = 0;
		};
		3E6289B828CC6127003E20F6 /* Sources */ = {
			isa = PBXSourcesBuildPhase;
			buildActionMask = 2147483647;
			files = (
				3E6289C128CC6127003E20F6 /* BoxProcessingTests.swift in Sources */,
			);
			runOnlyForDeploymentPostprocessing = 0;
		};
		3E6289C228CC6127003E20F6 /* Sources */ = {
			isa = PBXSourcesBuildPhase;
			buildActionMask = 2147483647;
			files = (
				3E6289CB28CC6127003E20F6 /* BoxProcessingUITests.swift in Sources */,
				3E6289CD28CC6127003E20F6 /* BoxProcessingUITestsLaunchTests.swift in Sources */,
			);
			runOnlyForDeploymentPostprocessing = 0;
		};
/* End PBXSourcesBuildPhase section */

/* Begin PBXTargetDependency section */
		3E6289BE28CC6127003E20F6 /* PBXTargetDependency */ = {
			isa = PBXTargetDependency;
			target = 3E6289A528CC6124003E20F6 /* BoxProcessing */;
			targetProxy = 3E6289BD28CC6127003E20F6 /* PBXContainerItemProxy */;
		};
		3E6289C828CC6127003E20F6 /* PBXTargetDependency */ = {
			isa = PBXTargetDependency;
			target = 3E6289A528CC6124003E20F6 /* BoxProcessing */;
			targetProxy = 3E6289C728CC6127003E20F6 /* PBXContainerItemProxy */;
		};
/* End PBXTargetDependency section */

/* Begin PBXVariantGroup section */
		3E6289AF28CC6124003E20F6 /* Main.storyboard */ = {
			isa = PBXVariantGroup;
			children = (
				3E6289B028CC6124003E20F6 /* Base */,
			);
			name = Main.storyboard;
			sourceTree = "<group>";
		};
		3E6289B428CC6127003E20F6 /* LaunchScreen.storyboard */ = {
			isa = PBXVariantGroup;
			children = (
				3E6289B528CC6127003E20F6 /* Base */,
			);
			name = LaunchScreen.storyboard;
			sourceTree = "<group>";
		};
/* End PBXVariantGroup section */

/* Begin XCBuildConfiguration section */
		3E6289CE28CC6127003E20F6 /* Debug */ = {
			isa = XCBuildConfiguration;
			buildSettings = {
				ALWAYS_SEARCH_USER_PATHS = NO;
				CLANG_ANALYZER_NONNULL = YES;
				CLANG_ANALYZER_NUMBER_OBJECT_CONVERSION = YES_AGGRESSIVE;
				CLANG_CXX_LANGUAGE_STANDARD = "gnu++17";
				CLANG_ENABLE_MODULES = YES;
				CLANG_ENABLE_OBJC_ARC = YES;
				CLANG_ENABLE_OBJC_WEAK = YES;
				CLANG_WARN_BLOCK_CAPTURE_AUTORELEASING = YES;
				CLANG_WARN_BOOL_CONVERSION = YES;
				CLANG_WARN_COMMA = YES;
				CLANG_WARN_CONSTANT_CONVERSION = YES;
				CLANG_WARN_DEPRECATED_OBJC_IMPLEMENTATIONS = YES;
				CLANG_WARN_DIRECT_OBJC_ISA_USAGE = YES_ERROR;
				CLANG_WARN_DOCUMENTATION_COMMENTS = YES;
				CLANG_WARN_EMPTY_BODY = YES;
				CLANG_WARN_ENUM_CONVERSION = YES;
				CLANG_WARN_INFINITE_RECURSION = YES;
				CLANG_WARN_INT_CONVERSION = YES;
				CLANG_WARN_NON_LITERAL_NULL_CONVERSION = YES;
				CLANG_WARN_OBJC_IMPLICIT_RETAIN_SELF = YES;
				CLANG_WARN_OBJC_LITERAL_CONVERSION = YES;
				CLANG_WARN_OBJC_ROOT_CLASS = YES_ERROR;
				CLANG_WARN_QUOTED_INCLUDE_IN_FRAMEWORK_HEADER = YES;
				CLANG_WARN_RANGE_LOOP_ANALYSIS = YES;
				CLANG_WARN_STRICT_PROTOTYPES = YES;
				CLANG_WARN_SUSPICIOUS_MOVE = YES;
				CLANG_WARN_UNGUARDED_AVAILABILITY = YES_AGGRESSIVE;
				CLANG_WARN_UNREACHABLE_CODE = YES;
				CLANG_WARN__DUPLICATE_METHOD_MATCH = YES;
				COPY_PHASE_STRIP = NO;
				DEBUG_INFORMATION_FORMAT = dwarf;
				ENABLE_STRICT_OBJC_MSGSEND = YES;
				ENABLE_TESTABILITY = YES;
				GCC_C_LANGUAGE_STANDARD = gnu11;
				GCC_DYNAMIC_NO_PIC = NO;
				GCC_NO_COMMON_BLOCKS = YES;
				GCC_OPTIMIZATION_LEVEL = 0;
				GCC_PREPROCESSOR_DEFINITIONS = (
					"DEBUG=1",
					"$(inherited)",
				);
				GCC_WARN_64_TO_32_BIT_CONVERSION = YES;
				GCC_WARN_ABOUT_RETURN_TYPE = YES_ERROR;
				GCC_WARN_UNDECLARED_SELECTOR = YES;
				GCC_WARN_UNINITIALIZED_AUTOS = YES_AGGRESSIVE;
				GCC_WARN_UNUSED_FUNCTION = YES;
				GCC_WARN_UNUSED_VARIABLE = YES;
				IPHONEOS_DEPLOYMENT_TARGET = 15.5;
				MTL_ENABLE_DEBUG_INFO = INCLUDE_SOURCE;
				MTL_FAST_MATH = YES;
				ONLY_ACTIVE_ARCH = YES;
				SDKROOT = iphoneos;
				SWIFT_ACTIVE_COMPILATION_CONDITIONS = DEBUG;
				SWIFT_OPTIMIZATION_LEVEL = "-Onone";
			};
			name = Debug;
		};
		3E6289CF28CC6127003E20F6 /* Release */ = {
			isa = XCBuildConfiguration;
			buildSettings = {
				ALWAYS_SEARCH_USER_PATHS = NO;
				CLANG_ANALYZER_NONNULL = YES;
				CLANG_ANALYZER_NUMBER_OBJECT_CONVERSION = YES_AGGRESSIVE;
				CLANG_CXX_LANGUAGE_STANDARD = "gnu++17";
				CLANG_ENABLE_MODULES = YES;
				CLANG_ENABLE_OBJC_ARC = YES;
				CLANG_ENABLE_OBJC_WEAK = YES;
				CLANG_WARN_BLOCK_CAPTURE_AUTORELEASING = YES;
				CLANG_WARN_BOOL_CONVERSION = YES;
				CLANG_WARN_COMMA = YES;
				CLANG_WARN_CONSTANT_CONVERSION = YES;
				CLANG_WARN_DEPRECATED_OBJC_IMPLEMENTATIONS = YES;
				CLANG_WARN_DIRECT_OBJC_ISA_USAGE = YES_ERROR;
				CLANG_WARN_DOCUMENTATION_COMMENTS = YES;
				CLANG_WARN_EMPTY_BODY = YES;
				CLANG_WARN_ENUM_CONVERSION = YES;
				CLANG_WARN_INFINITE_RECURSION = YES;
				CLANG_WARN_INT_CONVERSION = YES;
				CLANG_WARN_NON_LITERAL_NULL_CONVERSION = YES;
				CLANG_WARN_OBJC_IMPLICIT_RETAIN_SELF = YES;
				CLANG_WARN_OBJC_LITERAL_CONVERSION = YES;
				CLANG_WARN_OBJC_ROOT_CLASS = YES_ERROR;
				CLANG_WARN_QUOTED_INCLUDE_IN_FRAMEWORK_HEADER = YES;
				CLANG_WARN_RANGE_LOOP_ANALYSIS = YES;
				CLANG_WARN_STRICT_PROTOTYPES = YES;
				CLANG_WARN_SUSPICIOUS_MOVE = YES;
				CLANG_WARN_UNGUARDED_AVAILABILITY = YES_AGGRESSIVE;
				CLANG_WARN_UNREACHABLE_CODE = YES;
				CLANG_WARN__DUPLICATE_METHOD_MATCH = YES;
				COPY_PHASE_STRIP = NO;
				DEBUG_INFORMATION_FORMAT = "dwarf-with-dsym";
				ENABLE_NS_ASSERTIONS = NO;
				ENABLE_STRICT_OBJC_MSGSEND = YES;
				GCC_C_LANGUAGE_STANDARD = gnu11;
				GCC_NO_COMMON_BLOCKS = YES;
				GCC_WARN_64_TO_32_BIT_CONVERSION = YES;
				GCC_WARN_ABOUT_RETURN_TYPE = YES_ERROR;
				GCC_WARN_UNDECLARED_SELECTOR = YES;
				GCC_WARN_UNINITIALIZED_AUTOS = YES_AGGRESSIVE;
				GCC_WARN_UNUSED_FUNCTION = YES;
				GCC_WARN_UNUSED_VARIABLE = YES;
				IPHONEOS_DEPLOYMENT_TARGET = 15.5;
				MTL_ENABLE_DEBUG_INFO = NO;
				MTL_FAST_MATH = YES;
				SDKROOT = iphoneos;
				SWIFT_COMPILATION_MODE = wholemodule;
				SWIFT_OPTIMIZATION_LEVEL = "-O";
				VALIDATE_PRODUCT = YES;
			};
			name = Release;
		};
		3E6289D128CC6127003E20F6 /* Debug */ = {
			isa = XCBuildConfiguration;
			baseConfigurationReference = 584CD61B0379D41F185018D9 /* Pods-BoxProcessing.debug.xcconfig */;
			buildSettings = {
				ASSETCATALOG_COMPILER_APPICON_NAME = AppIcon;
				ASSETCATALOG_COMPILER_GLOBAL_ACCENT_COLOR_NAME = AccentColor;
				CODE_SIGN_STYLE = Automatic;
				CURRENT_PROJECT_VERSION = 1;
				DEVELOPMENT_TEAM = 667P28VCK6;
				GENERATE_INFOPLIST_FILE = YES;
				INFOPLIST_FILE = BoxProcessing/Info.plist;
				INFOPLIST_KEY_CFBundleDisplayName = "BOX加工";
				INFOPLIST_KEY_UIApplicationSupportsIndirectInputEvents = YES;
				INFOPLIST_KEY_UILaunchStoryboardName = LaunchScreen;
				INFOPLIST_KEY_UIMainStoryboardFile = Main;
				INFOPLIST_KEY_UISupportedInterfaceOrientations_iPad = "UIInterfaceOrientationPortrait UIInterfaceOrientationPortraitUpsideDown UIInterfaceOrientationLandscapeLeft UIInterfaceOrientationLandscapeRight";
				INFOPLIST_KEY_UISupportedInterfaceOrientations_iPhone = "UIInterfaceOrientationPortrait UIInterfaceOrientationLandscapeLeft UIInterfaceOrientationLandscapeRight";
				IPHONEOS_DEPLOYMENT_TARGET = 14.4;
				LD_RUNPATH_SEARCH_PATHS = (
					"$(inherited)",
					"@executable_path/Frameworks",
				);
				MARKETING_VERSION = 1.0.0;
				PRODUCT_BUNDLE_IDENTIFIER = com.Ikejimadenki.BOX;
				PRODUCT_NAME = "$(TARGET_NAME)";
				SWIFT_EMIT_LOC_STRINGS = YES;
				SWIFT_VERSION = 5.0;
				TARGETED_DEVICE_FAMILY = "1,2";
			};
			name = Debug;
		};
		3E6289D228CC6127003E20F6 /* Release */ = {
			isa = XCBuildConfiguration;
			baseConfigurationReference = A1BAC4CC83A92D7020DB7FAA /* Pods-BoxProcessing.release.xcconfig */;
			buildSettings = {
				ASSETCATALOG_COMPILER_APPICON_NAME = AppIcon;
				ASSETCATALOG_COMPILER_GLOBAL_ACCENT_COLOR_NAME = AccentColor;
				CODE_SIGN_STYLE = Automatic;
				CURRENT_PROJECT_VERSION = 1;
				DEVELOPMENT_TEAM = 667P28VCK6;
				GENERATE_INFOPLIST_FILE = YES;
				INFOPLIST_FILE = BoxProcessing/Info.plist;
				INFOPLIST_KEY_CFBundleDisplayName = "BOX加工";
				INFOPLIST_KEY_UIApplicationSupportsIndirectInputEvents = YES;
				INFOPLIST_KEY_UILaunchStoryboardName = LaunchScreen;
				INFOPLIST_KEY_UIMainStoryboardFile = Main;
				INFOPLIST_KEY_UISupportedInterfaceOrientations_iPad = "UIInterfaceOrientationPortrait UIInterfaceOrientationPortraitUpsideDown UIInterfaceOrientationLandscapeLeft UIInterfaceOrientationLandscapeRight";
				INFOPLIST_KEY_UISupportedInterfaceOrientations_iPhone = "UIInterfaceOrientationPortrait UIInterfaceOrientationLandscapeLeft UIInterfaceOrientationLandscapeRight";
				IPHONEOS_DEPLOYMENT_TARGET = 14.4;
				LD_RUNPATH_SEARCH_PATHS = (
					"$(inherited)",
					"@executable_path/Frameworks",
				);
				MARKETING_VERSION = 1.0.0;
				PRODUCT_BUNDLE_IDENTIFIER = com.Ikejimadenki.BOX;
				PRODUCT_NAME = "$(TARGET_NAME)";
				SWIFT_EMIT_LOC_STRINGS = YES;
				SWIFT_VERSION = 5.0;
				TARGETED_DEVICE_FAMILY = "1,2";
			};
			name = Release;
		};
		3E6289D428CC6127003E20F6 /* Debug */ = {
			isa = XCBuildConfiguration;
			baseConfigurationReference = 3D43FB00ACF5D4B98DF129DC /* Pods-BoxProcessingTests.debug.xcconfig */;
			buildSettings = {
				ALWAYS_EMBED_SWIFT_STANDARD_LIBRARIES = YES;
				BUNDLE_LOADER = "$(TEST_HOST)";
				CODE_SIGN_STYLE = Automatic;
				CURRENT_PROJECT_VERSION = 1;
				DEVELOPMENT_TEAM = 667P28VCK6;
				GENERATE_INFOPLIST_FILE = YES;
				IPHONEOS_DEPLOYMENT_TARGET = 15.5;
				MARKETING_VERSION = 1.0;
				PRODUCT_BUNDLE_IDENTIFIER = ZEEMA.BoxProcessingTests;
				PRODUCT_NAME = "$(TARGET_NAME)";
				SWIFT_EMIT_LOC_STRINGS = NO;
				SWIFT_VERSION = 5.0;
				TARGETED_DEVICE_FAMILY = "1,2";
				TEST_HOST = "$(BUILT_PRODUCTS_DIR)/BoxProcessing.app/BoxProcessing";
			};
			name = Debug;
		};
		3E6289D528CC6127003E20F6 /* Release */ = {
			isa = XCBuildConfiguration;
			baseConfigurationReference = 3B27584CF4396D0583CF009A /* Pods-BoxProcessingTests.release.xcconfig */;
			buildSettings = {
				ALWAYS_EMBED_SWIFT_STANDARD_LIBRARIES = YES;
				BUNDLE_LOADER = "$(TEST_HOST)";
				CODE_SIGN_STYLE = Automatic;
				CURRENT_PROJECT_VERSION = 1;
				DEVELOPMENT_TEAM = 667P28VCK6;
				GENERATE_INFOPLIST_FILE = YES;
				IPHONEOS_DEPLOYMENT_TARGET = 15.5;
				MARKETING_VERSION = 1.0;
				PRODUCT_BUNDLE_IDENTIFIER = ZEEMA.BoxProcessingTests;
				PRODUCT_NAME = "$(TARGET_NAME)";
				SWIFT_EMIT_LOC_STRINGS = NO;
				SWIFT_VERSION = 5.0;
				TARGETED_DEVICE_FAMILY = "1,2";
				TEST_HOST = "$(BUILT_PRODUCTS_DIR)/BoxProcessing.app/BoxProcessing";
			};
			name = Release;
		};
		3E6289D728CC6127003E20F6 /* Debug */ = {
			isa = XCBuildConfiguration;
			baseConfigurationReference = F5658191BD829B3FC99DDD8E /* Pods-BoxProcessing-BoxProcessingUITests.debug.xcconfig */;
			buildSettings = {
				ALWAYS_EMBED_SWIFT_STANDARD_LIBRARIES = YES;
				CODE_SIGN_STYLE = Automatic;
				CURRENT_PROJECT_VERSION = 1;
				DEVELOPMENT_TEAM = 667P28VCK6;
				GENERATE_INFOPLIST_FILE = YES;
				MARKETING_VERSION = 1.0;
				PRODUCT_BUNDLE_IDENTIFIER = ZEEMA.BoxProcessingUITests;
				PRODUCT_NAME = "$(TARGET_NAME)";
				SWIFT_EMIT_LOC_STRINGS = NO;
				SWIFT_VERSION = 5.0;
				TARGETED_DEVICE_FAMILY = "1,2";
				TEST_TARGET_NAME = BoxProcessing;
			};
			name = Debug;
		};
		3E6289D828CC6127003E20F6 /* Release */ = {
			isa = XCBuildConfiguration;
			baseConfigurationReference = 10891BBE778FFAAF190326A0 /* Pods-BoxProcessing-BoxProcessingUITests.release.xcconfig */;
			buildSettings = {
				ALWAYS_EMBED_SWIFT_STANDARD_LIBRARIES = YES;
				CODE_SIGN_STYLE = Automatic;
				CURRENT_PROJECT_VERSION = 1;
				DEVELOPMENT_TEAM = 667P28VCK6;
				GENERATE_INFOPLIST_FILE = YES;
				MARKETING_VERSION = 1.0;
				PRODUCT_BUNDLE_IDENTIFIER = ZEEMA.BoxProcessingUITests;
				PRODUCT_NAME = "$(TARGET_NAME)";
				SWIFT_EMIT_LOC_STRINGS = NO;
				SWIFT_VERSION = 5.0;
				TARGETED_DEVICE_FAMILY = "1,2";
				TEST_TARGET_NAME = BoxProcessing;
			};
			name = Release;
		};
/* End XCBuildConfiguration section */

/* Begin XCConfigurationList section */
		3E6289A128CC6124003E20F6 /* Build configuration list for PBXProject "BoxProcessing" */ = {
			isa = XCConfigurationList;
			buildConfigurations = (
				3E6289CE28CC6127003E20F6 /* Debug */,
				3E6289CF28CC6127003E20F6 /* Release */,
			);
			defaultConfigurationIsVisible = 0;
			defaultConfigurationName = Release;
		};
		3E6289D028CC6127003E20F6 /* Build configuration list for PBXNativeTarget "BoxProcessing" */ = {
			isa = XCConfigurationList;
			buildConfigurations = (
				3E6289D128CC6127003E20F6 /* Debug */,
				3E6289D228CC6127003E20F6 /* Release */,
			);
			defaultConfigurationIsVisible = 0;
			defaultConfigurationName = Release;
		};
		3E6289D328CC6127003E20F6 /* Build configuration list for PBXNativeTarget "BoxProcessingTests" */ = {
			isa = XCConfigurationList;
			buildConfigurations = (
				3E6289D428CC6127003E20F6 /* Debug */,
				3E6289D528CC6127003E20F6 /* Release */,
			);
			defaultConfigurationIsVisible = 0;
			defaultConfigurationName = Release;
		};
		3E6289D628CC6127003E20F6 /* Build configuration list for PBXNativeTarget "BoxProcessingUITests" */ = {
			isa = XCConfigurationList;
			buildConfigurations = (
				3E6289D728CC6127003E20F6 /* Debug */,
				3E6289D828CC6127003E20F6 /* Release */,
			);
			defaultConfigurationIsVisible = 0;
			defaultConfigurationName = Release;
		};
/* End XCConfigurationList section */
	};
	rootObject = 3E62899E28CC6124003E20F6 /* Project object */;
}
